// !$*UTF8*$!
{
	archiveVersion = 1;
	classes = {
	};
	objectVersion = 55;
	objects = {

/* Begin PBXBuildFile section */
		42D8DADBD74E12E156E293EC /* Pods_testTest_testTestUITests.framework in Frameworks */ = {isa = PBXBuildFile; fileRef = C44417B75FE0641A8EEB18ED /* Pods_testTest_testTestUITests.framework */; };
		A55FCF09CA2FB1865A05EB00 /* Pods_testTestTests.framework in Frameworks */ = {isa = PBXBuildFile; fileRef = DCF6959F71B74F9BF465F845 /* Pods_testTestTests.framework */; };
		C92E5075F2009DC7BE07060F /* Pods_testTest.framework in Frameworks */ = {isa = PBXBuildFile; fileRef = 6476E1E45008F41DE63ABC52 /* Pods_testTest.framework */; };
		EAA5BF212A0C7B1F00D83A6F /* AppDelegate.swift in Sources */ = {isa = PBXBuildFile; fileRef = EAA5BF202A0C7B1F00D83A6F /* AppDelegate.swift */; };
		EAA5BF232A0C7B1F00D83A6F /* SceneDelegate.swift in Sources */ = {isa = PBXBuildFile; fileRef = EAA5BF222A0C7B1F00D83A6F /* SceneDelegate.swift */; };
		EAA5BF252A0C7B1F00D83A6F /* ViewController.swift in Sources */ = {isa = PBXBuildFile; fileRef = EAA5BF242A0C7B1F00D83A6F /* ViewController.swift */; };
		EAA5BF2A2A0C7B2100D83A6F /* Assets.xcassets in Resources */ = {isa = PBXBuildFile; fileRef = EAA5BF292A0C7B2100D83A6F /* Assets.xcassets */; };
		EAA5BF2D2A0C7B2100D83A6F /* LaunchScreen.storyboard in Resources */ = {isa = PBXBuildFile; fileRef = EAA5BF2B2A0C7B2100D83A6F /* LaunchScreen.storyboard */; };
		EAA5BF382A0C7B2100D83A6F /* testTestTests.swift in Sources */ = {isa = PBXBuildFile; fileRef = EAA5BF372A0C7B2100D83A6F /* testTestTests.swift */; };
		EAA5BF422A0C7B2100D83A6F /* testTestUITests.swift in Sources */ = {isa = PBXBuildFile; fileRef = EAA5BF412A0C7B2100D83A6F /* testTestUITests.swift */; };
		EAA5BF442A0C7B2100D83A6F /* testTestUITestsLaunchTests.swift in Sources */ = {isa = PBXBuildFile; fileRef = EAA5BF432A0C7B2100D83A6F /* testTestUITestsLaunchTests.swift */; };
/* End PBXBuildFile section */

/* Begin PBXContainerItemProxy section */
		EAA5BF342A0C7B2100D83A6F /* PBXContainerItemProxy */ = {
			isa = PBXContainerItemProxy;
			containerPortal = EAA5BF152A0C7B1F00D83A6F /* Project object */;
			proxyType = 1;
			remoteGlobalIDString = EAA5BF1C2A0C7B1F00D83A6F;
			remoteInfo = testTest;
		};
		EAA5BF3E2A0C7B2100D83A6F /* PBXContainerItemProxy */ = {
			isa = PBXContainerItemProxy;
			containerPortal = EAA5BF152A0C7B1F00D83A6F /* Project object */;
			proxyType = 1;
			remoteGlobalIDString = EAA5BF1C2A0C7B1F00D83A6F;
			remoteInfo = testTest;
		};
/* End PBXContainerItemProxy section */

/* Begin PBXFileReference section */
		4EB256269AB0B4CBE2091340 /* Pods-testTest-testTestUITests.debug.xcconfig */ = {isa = PBXFileReference; includeInIndex = 1; lastKnownFileType = text.xcconfig; name = "Pods-testTest-testTestUITests.debug.xcconfig"; path = "Target Support Files/Pods-testTest-testTestUITests/Pods-testTest-testTestUITests.debug.xcconfig"; sourceTree = "<group>"; };
		599E5A0D852E65EDD6099B29 /* Pods-testTest-testTestUITests.release.xcconfig */ = {isa = PBXFileReference; includeInIndex = 1; lastKnownFileType = text.xcconfig; name = "Pods-testTest-testTestUITests.release.xcconfig"; path = "Target Support Files/Pods-testTest-testTestUITests/Pods-testTest-testTestUITests.release.xcconfig"; sourceTree = "<group>"; };
		6476E1E45008F41DE63ABC52 /* Pods_testTest.framework */ = {isa = PBXFileReference; explicitFileType = wrapper.framework; includeInIndex = 0; path = Pods_testTest.framework; sourceTree = BUILT_PRODUCTS_DIR; };
		6782D02931ABF3058725F7DF /* Pods-testTest.release.xcconfig */ = {isa = PBXFileReference; includeInIndex = 1; lastKnownFileType = text.xcconfig; name = "Pods-testTest.release.xcconfig"; path = "Target Support Files/Pods-testTest/Pods-testTest.release.xcconfig"; sourceTree = "<group>"; };
		7989BA4AFDF29344AD2A9524 /* Pods-testTestTests.debug.xcconfig */ = {isa = PBXFileReference; includeInIndex = 1; lastKnownFileType = text.xcconfig; name = "Pods-testTestTests.debug.xcconfig"; path = "Target Support Files/Pods-testTestTests/Pods-testTestTests.debug.xcconfig"; sourceTree = "<group>"; };
		B0DD8C54C518999268DBAAAB /* Pods-testTestTests.release.xcconfig */ = {isa = PBXFileReference; includeInIndex = 1; lastKnownFileType = text.xcconfig; name = "Pods-testTestTests.release.xcconfig"; path = "Target Support Files/Pods-testTestTests/Pods-testTestTests.release.xcconfig"; sourceTree = "<group>"; };
		BB8CFDEE4009BA1C97461581 /* Pods-testTest.debug.xcconfig */ = {isa = PBXFileReference; includeInIndex = 1; lastKnownFileType = text.xcconfig; name = "Pods-testTest.debug.xcconfig"; path = "Target Support Files/Pods-testTest/Pods-testTest.debug.xcconfig"; sourceTree = "<group>"; };
		C44417B75FE0641A8EEB18ED /* Pods_testTest_testTestUITests.framework */ = {isa = PBXFileReference; explicitFileType = wrapper.framework; includeInIndex = 0; path = Pods_testTest_testTestUITests.framework; sourceTree = BUILT_PRODUCTS_DIR; };
		DCF6959F71B74F9BF465F845 /* Pods_testTestTests.framework */ = {isa = PBXFileReference; explicitFileType = wrapper.framework; includeInIndex = 0; path = Pods_testTestTests.framework; sourceTree = BUILT_PRODUCTS_DIR; };
		EAA5BF1D2A0C7B1F00D83A6F /* testTest.app */ = {isa = PBXFileReference; explicitFileType = wrapper.application; includeInIndex = 0; path = testTest.app; sourceTree = BUILT_PRODUCTS_DIR; };
		EAA5BF202A0C7B1F00D83A6F /* AppDelegate.swift */ = {isa = PBXFileReference; lastKnownFileType = sourcecode.swift; path = AppDelegate.swift; sourceTree = "<group>"; };
		EAA5BF222A0C7B1F00D83A6F /* SceneDelegate.swift */ = {isa = PBXFileReference; lastKnownFileType = sourcecode.swift; path = SceneDelegate.swift; sourceTree = "<group>"; };
		EAA5BF242A0C7B1F00D83A6F /* ViewController.swift */ = {isa = PBXFileReference; lastKnownFileType = sourcecode.swift; path = ViewController.swift; sourceTree = "<group>"; };
		EAA5BF292A0C7B2100D83A6F /* Assets.xcassets */ = {isa = PBXFileReference; lastKnownFileType = folder.assetcatalog; path = Assets.xcassets; sourceTree = "<group>"; };
		EAA5BF2C2A0C7B2100D83A6F /* Base */ = {isa = PBXFileReference; lastKnownFileType = file.storyboard; name = Base; path = Base.lproj/LaunchScreen.storyboard; sourceTree = "<group>"; };
		EAA5BF2E2A0C7B2100D83A6F /* Info.plist */ = {isa = PBXFileReference; lastKnownFileType = text.plist.xml; path = Info.plist; sourceTree = "<group>"; };
		EAA5BF332A0C7B2100D83A6F /* testTestTests.xctest */ = {isa = PBXFileReference; explicitFileType = wrapper.cfbundle; includeInIndex = 0; path = testTestTests.xctest; sourceTree = BUILT_PRODUCTS_DIR; };
		EAA5BF372A0C7B2100D83A6F /* testTestTests.swift */ = {isa = PBXFileReference; lastKnownFileType = sourcecode.swift; path = testTestTests.swift; sourceTree = "<group>"; };
		EAA5BF3D2A0C7B2100D83A6F /* testTestUITests.xctest */ = {isa = PBXFileReference; explicitFileType = wrapper.cfbundle; includeInIndex = 0; path = testTestUITests.xctest; sourceTree = BUILT_PRODUCTS_DIR; };
		EAA5BF412A0C7B2100D83A6F /* testTestUITests.swift */ = {isa = PBXFileReference; lastKnownFileType = sourcecode.swift; path = testTestUITests.swift; sourceTree = "<group>"; };
		EAA5BF432A0C7B2100D83A6F /* testTestUITestsLaunchTests.swift */ = {isa = PBXFileReference; lastKnownFileType = sourcecode.swift; path = testTestUITestsLaunchTests.swift; sourceTree = "<group>"; };
/* End PBXFileReference section */

/* Begin PBXFrameworksBuildPhase section */
		EAA5BF1A2A0C7B1F00D83A6F /* Frameworks */ = {
			isa = PBXFrameworksBuildPhase;
			buildActionMask = 2147483647;
			files = (
				C92E5075F2009DC7BE07060F /* Pods_testTest.framework in Frameworks */,
			);
			runOnlyForDeploymentPostprocessing = 0;
		};
		EAA5BF302A0C7B2100D83A6F /* Frameworks */ = {
			isa = PBXFrameworksBuildPhase;
			buildActionMask = 2147483647;
			files = (
				A55FCF09CA2FB1865A05EB00 /* Pods_testTestTests.framework in Frameworks */,
			);
			runOnlyForDeploymentPostprocessing = 0;
		};
		EAA5BF3A2A0C7B2100D83A6F /* Frameworks */ = {
			isa = PBXFrameworksBuildPhase;
			buildActionMask = 2147483647;
			files = (
				42D8DADBD74E12E156E293EC /* Pods_testTest_testTestUITests.framework in Frameworks */,
			);
			runOnlyForDeploymentPostprocessing = 0;
		};
/* End PBXFrameworksBuildPhase section */

/* Begin PBXGroup section */
		CBEB333357ECE8B2B33CB8D5 /* Frameworks */ = {
			isa = PBXGroup;
			children = (
				6476E1E45008F41DE63ABC52 /* Pods_testTest.framework */,
				C44417B75FE0641A8EEB18ED /* Pods_testTest_testTestUITests.framework */,
				DCF6959F71B74F9BF465F845 /* Pods_testTestTests.framework */,
			);
			name = Frameworks;
			sourceTree = "<group>";
		};
		D748DF3864A1A407FD51DFD5 /* Pods */ = {
			isa = PBXGroup;
			children = (
				BB8CFDEE4009BA1C97461581 /* Pods-testTest.debug.xcconfig */,
				6782D02931ABF3058725F7DF /* Pods-testTest.release.xcconfig */,
				4EB256269AB0B4CBE2091340 /* Pods-testTest-testTestUITests.debug.xcconfig */,
				599E5A0D852E65EDD6099B29 /* Pods-testTest-testTestUITests.release.xcconfig */,
				7989BA4AFDF29344AD2A9524 /* Pods-testTestTests.debug.xcconfig */,
				B0DD8C54C518999268DBAAAB /* Pods-testTestTests.release.xcconfig */,
			);
			name = Pods;
			path = Pods;
			sourceTree = "<group>";
		};
		EAA5BF142A0C7B1F00D83A6F = {
			isa = PBXGroup;
			children = (
				EAA5BF1F2A0C7B1F00D83A6F /* testTest */,
				EAA5BF362A0C7B2100D83A6F /* testTestTests */,
				EAA5BF402A0C7B2100D83A6F /* testTestUITests */,
				EAA5BF1E2A0C7B1F00D83A6F /* Products */,
				D748DF3864A1A407FD51DFD5 /* Pods */,
				CBEB333357ECE8B2B33CB8D5 /* Frameworks */,
			);
			sourceTree = "<group>";
		};
		EAA5BF1E2A0C7B1F00D83A6F /* Products */ = {
			isa = PBXGroup;
			children = (
				EAA5BF1D2A0C7B1F00D83A6F /* testTest.app */,
				EAA5BF332A0C7B2100D83A6F /* testTestTests.xctest */,
				EAA5BF3D2A0C7B2100D83A6F /* testTestUITests.xctest */,
			);
			name = Products;
			sourceTree = "<group>";
		};
		EAA5BF1F2A0C7B1F00D83A6F /* testTest */ = {
			isa = PBXGroup;
			children = (
				EAA5BF202A0C7B1F00D83A6F /* AppDelegate.swift */,
				EAA5BF222A0C7B1F00D83A6F /* SceneDelegate.swift */,
				EAA5BF242A0C7B1F00D83A6F /* ViewController.swift */,
				EAA5BF292A0C7B2100D83A6F /* Assets.xcassets */,
				EAA5BF2B2A0C7B2100D83A6F /* LaunchScreen.storyboard */,
				EAA5BF2E2A0C7B2100D83A6F /* Info.plist */,
			);
			path = testTest;
			sourceTree = "<group>";
		};
		EAA5BF362A0C7B2100D83A6F /* testTestTests */ = {
			isa = PBXGroup;
			children = (
				EAA5BF372A0C7B2100D83A6F /* testTestTests.swift */,
			);
			path = testTestTests;
			sourceTree = "<group>";
		};
		EAA5BF402A0C7B2100D83A6F /* testTestUITests */ = {
			isa = PBXGroup;
			children = (
				EAA5BF412A0C7B2100D83A6F /* testTestUITests.swift */,
				EAA5BF432A0C7B2100D83A6F /* testTestUITestsLaunchTests.swift */,
			);
			path = testTestUITests;
			sourceTree = "<group>";
		};
/* End PBXGroup section */

/* Begin PBXNativeTarget section */
		EAA5BF1C2A0C7B1F00D83A6F /* testTest */ = {
			isa = PBXNativeTarget;
			buildConfigurationList = EAA5BF472A0C7B2100D83A6F /* Build configuration list for PBXNativeTarget "testTest" */;
			buildPhases = (
				376B536D6F6653D3BB3D6309 /* [CP] Check Pods Manifest.lock */,
				EAA5BF192A0C7B1F00D83A6F /* Sources */,
				EAA5BF1A2A0C7B1F00D83A6F /* Frameworks */,
				EAA5BF1B2A0C7B1F00D83A6F /* Resources */,
				1D7DB2E8DEA895EA459C32C4 /* [CP] Embed Pods Frameworks */,
			);
			buildRules = (
			);
			dependencies = (
			);
			name = testTest;
			productName = testTest;
			productReference = EAA5BF1D2A0C7B1F00D83A6F /* testTest.app */;
			productType = "com.apple.product-type.application";
		};
		EAA5BF322A0C7B2100D83A6F /* testTestTests */ = {
			isa = PBXNativeTarget;
			buildConfigurationList = EAA5BF4A2A0C7B2100D83A6F /* Build configuration list for PBXNativeTarget "testTestTests" */;
			buildPhases = (
				EDD5C677FC167FBA5161D58C /* [CP] Check Pods Manifest.lock */,
				EAA5BF2F2A0C7B2100D83A6F /* Sources */,
				EAA5BF302A0C7B2100D83A6F /* Frameworks */,
				EAA5BF312A0C7B2100D83A6F /* Resources */,
			);
			buildRules = (
			);
			dependencies = (
				EAA5BF352A0C7B2100D83A6F /* PBXTargetDependency */,
			);
			name = testTestTests;
			productName = testTestTests;
			productReference = EAA5BF332A0C7B2100D83A6F /* testTestTests.xctest */;
			productType = "com.apple.product-type.bundle.unit-test";
		};
		EAA5BF3C2A0C7B2100D83A6F /* testTestUITests */ = {
			isa = PBXNativeTarget;
			buildConfigurationList = EAA5BF4D2A0C7B2100D83A6F /* Build configuration list for PBXNativeTarget "testTestUITests" */;
			buildPhases = (
				886CDB40D34947C9FA3C129F /* [CP] Check Pods Manifest.lock */,
				EAA5BF392A0C7B2100D83A6F /* Sources */,
				EAA5BF3A2A0C7B2100D83A6F /* Frameworks */,
				EAA5BF3B2A0C7B2100D83A6F /* Resources */,
				66FFE4FAA4302F14BDB19EE1 /* [CP] Embed Pods Frameworks */,
			);
			buildRules = (
			);
			dependencies = (
				EAA5BF3F2A0C7B2100D83A6F /* PBXTargetDependency */,
			);
			name = testTestUITests;
			productName = testTestUITests;
			productReference = EAA5BF3D2A0C7B2100D83A6F /* testTestUITests.xctest */;
			productType = "com.apple.product-type.bundle.ui-testing";
		};
/* End PBXNativeTarget section */

/* Begin PBXProject section */
		EAA5BF152A0C7B1F00D83A6F /* Project object */ = {
			isa = PBXProject;
			attributes = {
				BuildIndependentTargetsInParallel = 1;
				LastSwiftUpdateCheck = 1420;
				LastUpgradeCheck = 1420;
				TargetAttributes = {
					EAA5BF1C2A0C7B1F00D83A6F = {
						CreatedOnToolsVersion = 14.2;
					};
					EAA5BF322A0C7B2100D83A6F = {
						CreatedOnToolsVersion = 14.2;
						TestTargetID = EAA5BF1C2A0C7B1F00D83A6F;
					};
					EAA5BF3C2A0C7B2100D83A6F = {
						CreatedOnToolsVersion = 14.2;
						TestTargetID = EAA5BF1C2A0C7B1F00D83A6F;
					};
				};
			};
			buildConfigurationList = EAA5BF182A0C7B1F00D83A6F /* Build configuration list for PBXProject "testTest" */;
			compatibilityVersion = "Xcode 13.0";
			developmentRegion = en;
			hasScannedForEncodings = 0;
			knownRegions = (
				en,
				Base,
			);
			mainGroup = EAA5BF142A0C7B1F00D83A6F;
			productRefGroup = EAA5BF1E2A0C7B1F00D83A6F /* Products */;
			projectDirPath = "";
			projectRoot = "";
			targets = (
				EAA5BF1C2A0C7B1F00D83A6F /* testTest */,
				EAA5BF322A0C7B2100D83A6F /* testTestTests */,
				EAA5BF3C2A0C7B2100D83A6F /* testTestUITests */,
			);
		};
/* End PBXProject section */

/* Begin PBXResourcesBuildPhase section */
		EAA5BF1B2A0C7B1F00D83A6F /* Resources */ = {
			isa = PBXResourcesBuildPhase;
			buildActionMask = 2147483647;
			files = (
				EAA5BF2D2A0C7B2100D83A6F /* LaunchScreen.storyboard in Resources */,
				EAA5BF2A2A0C7B2100D83A6F /* Assets.xcassets in Resources */,
			);
			runOnlyForDeploymentPostprocessing = 0;
		};
		EAA5BF312A0C7B2100D83A6F /* Resources */ = {
			isa = PBXResourcesBuildPhase;
			buildActionMask = 2147483647;
			files = (
			);
			runOnlyForDeploymentPostprocessing = 0;
		};
		EAA5BF3B2A0C7B2100D83A6F /* Resources */ = {
			isa = PBXResourcesBuildPhase;
			buildActionMask = 2147483647;
			files = (
			);
			runOnlyForDeploymentPostprocessing = 0;
		};
/* End PBXResourcesBuildPhase section */

/* Begin PBXShellScriptBuildPhase section */
		1D7DB2E8DEA895EA459C32C4 /* [CP] Embed Pods Frameworks */ = {
			isa = PBXShellScriptBuildPhase;
			buildActionMask = 2147483647;
			files = (
			);
			inputFileListPaths = (
				"${PODS_ROOT}/Target Support Files/Pods-testTest/Pods-testTest-frameworks-${CONFIGURATION}-input-files.xcfilelist",
			);
			name = "[CP] Embed Pods Frameworks";
			outputFileListPaths = (
				"${PODS_ROOT}/Target Support Files/Pods-testTest/Pods-testTest-frameworks-${CONFIGURATION}-output-files.xcfilelist",
			);
			runOnlyForDeploymentPostprocessing = 0;
			shellPath = /bin/sh;
			shellScript = "\"${PODS_ROOT}/Target Support Files/Pods-testTest/Pods-testTest-frameworks.sh\"\n";
			showEnvVarsInLog = 0;
		};
		376B536D6F6653D3BB3D6309 /* [CP] Check Pods Manifest.lock */ = {
			isa = PBXShellScriptBuildPhase;
			buildActionMask = 2147483647;
			files = (
			);
			inputFileListPaths = (
			);
			inputPaths = (
				"${PODS_PODFILE_DIR_PATH}/Podfile.lock",
				"${PODS_ROOT}/Manifest.lock",
			);
			name = "[CP] Check Pods Manifest.lock";
			outputFileListPaths = (
			);
			outputPaths = (
				"$(DERIVED_FILE_DIR)/Pods-testTest-checkManifestLockResult.txt",
			);
			runOnlyForDeploymentPostprocessing = 0;
			shellPath = /bin/sh;
			shellScript = "diff \"${PODS_PODFILE_DIR_PATH}/Podfile.lock\" \"${PODS_ROOT}/Manifest.lock\" > /dev/null\nif [ $? != 0 ] ; then\n    # print error to STDERR\n    echo \"error: The sandbox is not in sync with the Podfile.lock. Run 'pod install' or update your CocoaPods installation.\" >&2\n    exit 1\nfi\n# This output is used by Xcode 'outputs' to avoid re-running this script phase.\necho \"SUCCESS\" > \"${SCRIPT_OUTPUT_FILE_0}\"\n";
			showEnvVarsInLog = 0;
		};
		66FFE4FAA4302F14BDB19EE1 /* [CP] Embed Pods Frameworks */ = {
			isa = PBXShellScriptBuildPhase;
			buildActionMask = 2147483647;
			files = (
			);
			inputFileListPaths = (
				"${PODS_ROOT}/Target Support Files/Pods-testTest-testTestUITests/Pods-testTest-testTestUITests-frameworks-${CONFIGURATION}-input-files.xcfilelist",
			);
			name = "[CP] Embed Pods Frameworks";
			outputFileListPaths = (
				"${PODS_ROOT}/Target Support Files/Pods-testTest-testTestUITests/Pods-testTest-testTestUITests-frameworks-${CONFIGURATION}-output-files.xcfilelist",
			);
			runOnlyForDeploymentPostprocessing = 0;
			shellPath = /bin/sh;
			shellScript = "\"${PODS_ROOT}/Target Support Files/Pods-testTest-testTestUITests/Pods-testTest-testTestUITests-frameworks.sh\"\n";
			showEnvVarsInLog = 0;
		};
		886CDB40D34947C9FA3C129F /* [CP] Check Pods Manifest.lock */ = {
			isa = PBXShellScriptBuildPhase;
			buildActionMask = 2147483647;
			files = (
			);
			inputFileListPaths = (
			);
			inputPaths = (
				"${PODS_PODFILE_DIR_PATH}/Podfile.lock",
				"${PODS_ROOT}/Manifest.lock",
			);
			name = "[CP] Check Pods Manifest.lock";
			outputFileListPaths = (
			);
			outputPaths = (
				"$(DERIVED_FILE_DIR)/Pods-testTest-testTestUITests-checkManifestLockResult.txt",
			);
			runOnlyForDeploymentPostprocessing = 0;
			shellPath = /bin/sh;
			shellScript = "diff \"${PODS_PODFILE_DIR_PATH}/Podfile.lock\" \"${PODS_ROOT}/Manifest.lock\" > /dev/null\nif [ $? != 0 ] ; then\n    # print error to STDERR\n    echo \"error: The sandbox is not in sync with the Podfile.lock. Run 'pod install' or update your CocoaPods installation.\" >&2\n    exit 1\nfi\n# This output is used by Xcode 'outputs' to avoid re-running this script phase.\necho \"SUCCESS\" > \"${SCRIPT_OUTPUT_FILE_0}\"\n";
			showEnvVarsInLog = 0;
		};
		EDD5C677FC167FBA5161D58C /* [CP] Check Pods Manifest.lock */ = {
			isa = PBXShellScriptBuildPhase;
			buildActionMask = 2147483647;
			files = (
			);
			inputFileListPaths = (
			);
			inputPaths = (
				"${PODS_PODFILE_DIR_PATH}/Podfile.lock",
				"${PODS_ROOT}/Manifest.lock",
			);
			name = "[CP] Check Pods Manifest.lock";
			outputFileListPaths = (
			);
			outputPaths = (
				"$(DERIVED_FILE_DIR)/Pods-testTestTests-checkManifestLockResult.txt",
			);
			runOnlyForDeploymentPostprocessing = 0;
			shellPath = /bin/sh;
			shellScript = "diff \"${PODS_PODFILE_DIR_PATH}/Podfile.lock\" \"${PODS_ROOT}/Manifest.lock\" > /dev/null\nif [ $? != 0 ] ; then\n    # print error to STDERR\n    echo \"error: The sandbox is not in sync with the Podfile.lock. Run 'pod install' or update your CocoaPods installation.\" >&2\n    exit 1\nfi\n# This output is used by Xcode 'outputs' to avoid re-running this script phase.\necho \"SUCCESS\" > \"${SCRIPT_OUTPUT_FILE_0}\"\n";
			showEnvVarsInLog = 0;
		};
/* End PBXShellScriptBuildPhase section */

/* Begin PBXSourcesBuildPhase section */
		EAA5BF192A0C7B1F00D83A6F /* Sources */ = {
			isa = PBXSourcesBuildPhase;
			buildActionMask = 2147483647;
			files = (
				EAA5BF252A0C7B1F00D83A6F /* ViewController.swift in Sources */,
				EAA5BF212A0C7B1F00D83A6F /* AppDelegate.swift in Sources */,
				EAA5BF232A0C7B1F00D83A6F /* SceneDelegate.swift in Sources */,
			);
			runOnlyForDeploymentPostprocessing = 0;
		};
		EAA5BF2F2A0C7B2100D83A6F /* Sources */ = {
			isa = PBXSourcesBuildPhase;
			buildActionMask = 2147483647;
			files = (
				EAA5BF382A0C7B2100D83A6F /* testTestTests.swift in Sources */,
			);
			runOnlyForDeploymentPostprocessing = 0;
		};
		EAA5BF392A0C7B2100D83A6F /* Sources */ = {
			isa = PBXSourcesBuildPhase;
			buildActionMask = 2147483647;
			files = (
				EAA5BF442A0C7B2100D83A6F /* testTestUITestsLaunchTests.swift in Sources */,
				EAA5BF422A0C7B2100D83A6F /* testTestUITests.swift in Sources */,
			);
			runOnlyForDeploymentPostprocessing = 0;
		};
/* End PBXSourcesBuildPhase section */

/* Begin PBXTargetDependency section */
		EAA5BF352A0C7B2100D83A6F /* PBXTargetDependency */ = {
			isa = PBXTargetDependency;
			target = EAA5BF1C2A0C7B1F00D83A6F /* testTest */;
			targetProxy = EAA5BF342A0C7B2100D83A6F /* PBXContainerItemProxy */;
		};
		EAA5BF3F2A0C7B2100D83A6F /* PBXTargetDependency */ = {
			isa = PBXTargetDependency;
			target = EAA5BF1C2A0C7B1F00D83A6F /* testTest */;
			targetProxy = EAA5BF3E2A0C7B2100D83A6F /* PBXContainerItemProxy */;
		};
/* End PBXTargetDependency section */

/* Begin PBXVariantGroup section */
		EAA5BF2B2A0C7B2100D83A6F /* LaunchScreen.storyboard */ = {
			isa = PBXVariantGroup;
			children = (
				EAA5BF2C2A0C7B2100D83A6F /* Base */,
			);
			name = LaunchScreen.storyboard;
			sourceTree = "<group>";
		};
/* End PBXVariantGroup section */

/* Begin XCBuildConfiguration section */
		EAA5BF452A0C7B2100D83A6F /* Debug */ = {
			isa = XCBuildConfiguration;
			buildSettings = {
				ALWAYS_SEARCH_USER_PATHS = NO;
				CLANG_ANALYZER_NONNULL = YES;
				CLANG_ANALYZER_NUMBER_OBJECT_CONVERSION = YES_AGGRESSIVE;
				CLANG_CXX_LANGUAGE_STANDARD = "gnu++20";
				CLANG_ENABLE_MODULES = YES;
				CLANG_ENABLE_OBJC_ARC = YES;
				CLANG_ENABLE_OBJC_WEAK = YES;
				CLANG_WARN_BLOCK_CAPTURE_AUTORELEASING = YES;
				CLANG_WARN_BOOL_CONVERSION = YES;
				CLANG_WARN_COMMA = YES;
				CLANG_WARN_CONSTANT_CONVERSION = YES;
				CLANG_WARN_DEPRECATED_OBJC_IMPLEMENTATIONS = YES;
				CLANG_WARN_DIRECT_OBJC_ISA_USAGE = YES_ERROR;
				CLANG_WARN_DOCUMENTATION_COMMENTS = YES;
				CLANG_WARN_EMPTY_BODY = YES;
				CLANG_WARN_ENUM_CONVERSION = YES;
				CLANG_WARN_INFINITE_RECURSION = YES;
				CLANG_WARN_INT_CONVERSION = YES;
				CLANG_WARN_NON_LITERAL_NULL_CONVERSION = YES;
				CLANG_WARN_OBJC_IMPLICIT_RETAIN_SELF = YES;
				CLANG_WARN_OBJC_LITERAL_CONVERSION = YES;
				CLANG_WARN_OBJC_ROOT_CLASS = YES_ERROR;
				CLANG_WARN_QUOTED_INCLUDE_IN_FRAMEWORK_HEADER = YES;
				CLANG_WARN_RANGE_LOOP_ANALYSIS = YES;
				CLANG_WARN_STRICT_PROTOTYPES = YES;
				CLANG_WARN_SUSPICIOUS_MOVE = YES;
				CLANG_WARN_UNGUARDED_AVAILABILITY = YES_AGGRESSIVE;
				CLANG_WARN_UNREACHABLE_CODE = YES;
				CLANG_WARN__DUPLICATE_METHOD_MATCH = YES;
				COPY_PHASE_STRIP = NO;
				DEBUG_INFORMATION_FORMAT = dwarf;
				ENABLE_STRICT_OBJC_MSGSEND = YES;
				ENABLE_TESTABILITY = YES;
				GCC_C_LANGUAGE_STANDARD = gnu11;
				GCC_DYNAMIC_NO_PIC = NO;
				GCC_NO_COMMON_BLOCKS = YES;
				GCC_OPTIMIZATION_LEVEL = 0;
				GCC_PREPROCESSOR_DEFINITIONS = (
					"DEBUG=1",
					"$(inherited)",
				);
				GCC_WARN_64_TO_32_BIT_CONVERSION = YES;
				GCC_WARN_ABOUT_RETURN_TYPE = YES_ERROR;
				GCC_WARN_UNDECLARED_SELECTOR = YES;
				GCC_WARN_UNINITIALIZED_AUTOS = YES_AGGRESSIVE;
				GCC_WARN_UNUSED_FUNCTION = YES;
				GCC_WARN_UNUSED_VARIABLE = YES;
				IPHONEOS_DEPLOYMENT_TARGET = 16.2;
				MTL_ENABLE_DEBUG_INFO = INCLUDE_SOURCE;
				MTL_FAST_MATH = YES;
				ONLY_ACTIVE_ARCH = YES;
				SDKROOT = iphoneos;
				SWIFT_ACTIVE_COMPILATION_CONDITIONS = DEBUG;
				SWIFT_OPTIMIZATION_LEVEL = "-Onone";
			};
			name = Debug;
		};
		EAA5BF462A0C7B2100D83A6F /* Release */ = {
			isa = XCBuildConfiguration;
			buildSettings = {
				ALWAYS_SEARCH_USER_PATHS = NO;
				CLANG_ANALYZER_NONNULL = YES;
				CLANG_ANALYZER_NUMBER_OBJECT_CONVERSION = YES_AGGRESSIVE;
				CLANG_CXX_LANGUAGE_STANDARD = "gnu++20";
				CLANG_ENABLE_MODULES = YES;
				CLANG_ENABLE_OBJC_ARC = YES;
				CLANG_ENABLE_OBJC_WEAK = YES;
				CLANG_WARN_BLOCK_CAPTURE_AUTORELEASING = YES;
				CLANG_WARN_BOOL_CONVERSION = YES;
				CLANG_WARN_COMMA = YES;
				CLANG_WARN_CONSTANT_CONVERSION = YES;
				CLANG_WARN_DEPRECATED_OBJC_IMPLEMENTATIONS = YES;
				CLANG_WARN_DIRECT_OBJC_ISA_USAGE = YES_ERROR;
				CLANG_WARN_DOCUMENTATION_COMMENTS = YES;
				CLANG_WARN_EMPTY_BODY = YES;
				CLANG_WARN_ENUM_CONVERSION = YES;
				CLANG_WARN_INFINITE_RECURSION = YES;
				CLANG_WARN_INT_CONVERSION = YES;
				CLANG_WARN_NON_LITERAL_NULL_CONVERSION = YES;
				CLANG_WARN_OBJC_IMPLICIT_RETAIN_SELF = YES;
				CLANG_WARN_OBJC_LITERAL_CONVERSION = YES;
				CLANG_WARN_OBJC_ROOT_CLASS = YES_ERROR;
				CLANG_WARN_QUOTED_INCLUDE_IN_FRAMEWORK_HEADER = YES;
				CLANG_WARN_RANGE_LOOP_ANALYSIS = YES;
				CLANG_WARN_STRICT_PROTOTYPES = YES;
				CLANG_WARN_SUSPICIOUS_MOVE = YES;
				CLANG_WARN_UNGUARDED_AVAILABILITY = YES_AGGRESSIVE;
				CLANG_WARN_UNREACHABLE_CODE = YES;
				CLANG_WARN__DUPLICATE_METHOD_MATCH = YES;
				COPY_PHASE_STRIP = NO;
				DEBUG_INFORMATION_FORMAT = "dwarf-with-dsym";
				ENABLE_NS_ASSERTIONS = NO;
				ENABLE_STRICT_OBJC_MSGSEND = YES;
				GCC_C_LANGUAGE_STANDARD = gnu11;
				GCC_NO_COMMON_BLOCKS = YES;
				GCC_WARN_64_TO_32_BIT_CONVERSION = YES;
				GCC_WARN_ABOUT_RETURN_TYPE = YES_ERROR;
				GCC_WARN_UNDECLARED_SELECTOR = YES;
				GCC_WARN_UNINITIALIZED_AUTOS = YES_AGGRESSIVE;
				GCC_WARN_UNUSED_FUNCTION = YES;
				GCC_WARN_UNUSED_VARIABLE = YES;
				IPHONEOS_DEPLOYMENT_TARGET = 16.2;
				MTL_ENABLE_DEBUG_INFO = NO;
				MTL_FAST_MATH = YES;
				SDKROOT = iphoneos;
				SWIFT_COMPILATION_MODE = wholemodule;
				SWIFT_OPTIMIZATION_LEVEL = "-O";
				VALIDATE_PRODUCT = YES;
			};
			name = Release;
		};
		EAA5BF482A0C7B2100D83A6F /* Debug */ = {
			isa = XCBuildConfiguration;
			baseConfigurationReference = BB8CFDEE4009BA1C97461581 /* Pods-testTest.debug.xcconfig */;
			buildSettings = {
				ASSETCATALOG_COMPILER_APPICON_NAME = AppIcon;
				ASSETCATALOG_COMPILER_GLOBAL_ACCENT_COLOR_NAME = AccentColor;
				CODE_SIGN_STYLE = Automatic;
				CURRENT_PROJECT_VERSION = 1;
				DEVELOPMENT_TEAM = 4B7YLKL5S2;
				GENERATE_INFOPLIST_FILE = YES;
				INFOPLIST_FILE = testTest/Info.plist;
				INFOPLIST_KEY_UIApplicationSupportsIndirectInputEvents = YES;
				INFOPLIST_KEY_UILaunchStoryboardName = LaunchScreen;
				INFOPLIST_KEY_UIMainStoryboardFile = Main;
				INFOPLIST_KEY_UISupportedInterfaceOrientations_iPad = "UIInterfaceOrientationPortrait UIInterfaceOrientationPortraitUpsideDown UIInterfaceOrientationLandscapeLeft UIInterfaceOrientationLandscapeRight";
				INFOPLIST_KEY_UISupportedInterfaceOrientations_iPhone = "UIInterfaceOrientationPortrait UIInterfaceOrientationLandscapeLeft UIInterfaceOrientationLandscapeRight";
				LD_RUNPATH_SEARCH_PATHS = (
					"$(inherited)",
					"@executable_path/Frameworks",
				);
				MARKETING_VERSION = 1.0;
				PRODUCT_BUNDLE_IDENTIFIER = babywalnut.kim.testTest;
				PRODUCT_NAME = "$(TARGET_NAME)";
				SWIFT_EMIT_LOC_STRINGS = YES;
				SWIFT_VERSION = 5.0;
				TARGETED_DEVICE_FAMILY = "1,2";
			};
			name = Debug;
		};
		EAA5BF492A0C7B2100D83A6F /* Release */ = {
			isa = XCBuildConfiguration;
			baseConfigurationReference = 6782D02931ABF3058725F7DF /* Pods-testTest.release.xcconfig */;
			buildSettings = {
				ASSETCATALOG_COMPILER_APPICON_NAME = AppIcon;
				ASSETCATALOG_COMPILER_GLOBAL_ACCENT_COLOR_NAME = AccentColor;
				CODE_SIGN_STYLE = Automatic;
				CURRENT_PROJECT_VERSION = 1;
				DEVELOPMENT_TEAM = 4B7YLKL5S2;
				GENERATE_INFOPLIST_FILE = YES;
				INFOPLIST_FILE = testTest/Info.plist;
				INFOPLIST_KEY_UIApplicationSupportsIndirectInputEvents = YES;
				INFOPLIST_KEY_UILaunchStoryboardName = LaunchScreen;
				INFOPLIST_KEY_UIMainStoryboardFile = Main;
				INFOPLIST_KEY_UISupportedInterfaceOrientations_iPad = "UIInterfaceOrientationPortrait UIInterfaceOrientationPortraitUpsideDown UIInterfaceOrientationLandscapeLeft UIInterfaceOrientationLandscapeRight";
				INFOPLIST_KEY_UISupportedInterfaceOrientations_iPhone = "UIInterfaceOrientationPortrait UIInterfaceOrientationLandscapeLeft UIInterfaceOrientationLandscapeRight";
				LD_RUNPATH_SEARCH_PATHS = (
					"$(inherited)",
					"@executable_path/Frameworks",
				);
				MARKETING_VERSION = 1.0;
				PRODUCT_BUNDLE_IDENTIFIER = babywalnut.kim.testTest;
				PRODUCT_NAME = "$(TARGET_NAME)";
				SWIFT_EMIT_LOC_STRINGS = YES;
				SWIFT_VERSION = 5.0;
				TARGETED_DEVICE_FAMILY = "1,2";
			};
			name = Release;
		};
		EAA5BF4B2A0C7B2100D83A6F /* Debug */ = {
			isa = XCBuildConfiguration;
			baseConfigurationReference = 7989BA4AFDF29344AD2A9524 /* Pods-testTestTests.debug.xcconfig */;
			buildSettings = {
				ALWAYS_EMBED_SWIFT_STANDARD_LIBRARIES = YES;
				BUNDLE_LOADER = "$(TEST_HOST)";
				CODE_SIGN_STYLE = Automatic;
				CURRENT_PROJECT_VERSION = 1;
				DEVELOPMENT_TEAM = 4B7YLKL5S2;
				GENERATE_INFOPLIST_FILE = YES;
				IPHONEOS_DEPLOYMENT_TARGET = 16.2;
				MARKETING_VERSION = 1.0;
				PRODUCT_BUNDLE_IDENTIFIER = babywalnut.kim.testTestTests;
				PRODUCT_NAME = "$(TARGET_NAME)";
				SWIFT_EMIT_LOC_STRINGS = NO;
				SWIFT_VERSION = 5.0;
				TARGETED_DEVICE_FAMILY = "1,2";
				TEST_HOST = "$(BUILT_PRODUCTS_DIR)/testTest.app/$(BUNDLE_EXECUTABLE_FOLDER_PATH)/testTest";
			};
			name = Debug;
		};
		EAA5BF4C2A0C7B2100D83A6F /* Release */ = {
			isa = XCBuildConfiguration;
			baseConfigurationReference = B0DD8C54C518999268DBAAAB /* Pods-testTestTests.release.xcconfig */;
			buildSettings = {
				ALWAYS_EMBED_SWIFT_STANDARD_LIBRARIES = YES;
				BUNDLE_LOADER = "$(TEST_HOST)";
				CODE_SIGN_STYLE = Automatic;
				CURRENT_PROJECT_VERSION = 1;
				DEVELOPMENT_TEAM = 4B7YLKL5S2;
				GENERATE_INFOPLIST_FILE = YES;
				IPHONEOS_DEPLOYMENT_TARGET = 16.2;
				MARKETING_VERSION = 1.0;
				PRODUCT_BUNDLE_IDENTIFIER = babywalnut.kim.testTestTests;
				PRODUCT_NAME = "$(TARGET_NAME)";
				SWIFT_EMIT_LOC_STRINGS = NO;
				SWIFT_VERSION = 5.0;
				TARGETED_DEVICE_FAMILY = "1,2";
				TEST_HOST = "$(BUILT_PRODUCTS_DIR)/testTest.app/$(BUNDLE_EXECUTABLE_FOLDER_PATH)/testTest";
			};
			name = Release;
		};
		EAA5BF4E2A0C7B2100D83A6F /* Debug */ = {
			isa = XCBuildConfiguration;
			baseConfigurationReference = 4EB256269AB0B4CBE2091340 /* Pods-testTest-testTestUITests.debug.xcconfig */;
			buildSettings = {
				ALWAYS_EMBED_SWIFT_STANDARD_LIBRARIES = YES;
				CODE_SIGN_STYLE = Automatic;
				CURRENT_PROJECT_VERSION = 1;
				DEVELOPMENT_TEAM = 4B7YLKL5S2;
				GENERATE_INFOPLIST_FILE = YES;
				MARKETING_VERSION = 1.0;
				PRODUCT_BUNDLE_IDENTIFIER = babywalnut.kim.testTestUITests;
				PRODUCT_NAME = "$(TARGET_NAME)";
				SWIFT_EMIT_LOC_STRINGS = NO;
				SWIFT_VERSION = 5.0;
				TARGETED_DEVICE_FAMILY = "1,2";
				TEST_TARGET_NAME = testTest;
			};
			name = Debug;
		};
		EAA5BF4F2A0C7B2100D83A6F /* Release */ = {
			isa = XCBuildConfiguration;
			baseConfigurationReference = 599E5A0D852E65EDD6099B29 /* Pods-testTest-testTestUITests.release.xcconfig */;
			buildSettings = {
				ALWAYS_EMBED_SWIFT_STANDARD_LIBRARIES = YES;
				CODE_SIGN_STYLE = Automatic;
				CURRENT_PROJECT_VERSION = 1;
				DEVELOPMENT_TEAM = 4B7YLKL5S2;
				GENERATE_INFOPLIST_FILE = YES;
				MARKETING_VERSION = 1.0;
				PRODUCT_BUNDLE_IDENTIFIER = babywalnut.kim.testTestUITests;
				PRODUCT_NAME = "$(TARGET_NAME)";
				SWIFT_EMIT_LOC_STRINGS = NO;
				SWIFT_VERSION = 5.0;
				TARGETED_DEVICE_FAMILY = "1,2";
				TEST_TARGET_NAME = testTest;
			};
			name = Release;
		};
/* End XCBuildConfiguration section */

/* Begin XCConfigurationList section */
		EAA5BF182A0C7B1F00D83A6F /* Build configuration list for PBXProject "testTest" */ = {
			isa = XCConfigurationList;
			buildConfigurations = (
				EAA5BF452A0C7B2100D83A6F /* Debug */,
				EAA5BF462A0C7B2100D83A6F /* Release */,
			);
			defaultConfigurationIsVisible = 0;
			defaultConfigurationName = Release;
		};
		EAA5BF472A0C7B2100D83A6F /* Build configuration list for PBXNativeTarget "testTest" */ = {
			isa = XCConfigurationList;
			buildConfigurations = (
				EAA5BF482A0C7B2100D83A6F /* Debug */,
				EAA5BF492A0C7B2100D83A6F /* Release */,
			);
			defaultConfigurationIsVisible = 0;
			defaultConfigurationName = Release;
		};
		EAA5BF4A2A0C7B2100D83A6F /* Build configuration list for PBXNativeTarget "testTestTests" */ = {
			isa = XCConfigurationList;
			buildConfigurations = (
				EAA5BF4B2A0C7B2100D83A6F /* Debug */,
				EAA5BF4C2A0C7B2100D83A6F /* Release */,
			);
			defaultConfigurationIsVisible = 0;
			defaultConfigurationName = Release;
		};
		EAA5BF4D2A0C7B2100D83A6F /* Build configuration list for PBXNativeTarget "testTestUITests" */ = {
			isa = XCConfigurationList;
			buildConfigurations = (
				EAA5BF4E2A0C7B2100D83A6F /* Debug */,
				EAA5BF4F2A0C7B2100D83A6F /* Release */,
			);
			defaultConfigurationIsVisible = 0;
			defaultConfigurationName = Release;
		};
/* End XCConfigurationList section */
	};
	rootObject = EAA5BF152A0C7B1F00D83A6F /* Project object */;
}
